// !$*UTF8*$!
{
	archiveVersion = 1;
	classes = {
	};
	objectVersion = 46;
	objects = {

/* Begin PBXBuildFile section */
		50C100A81A16448A004F146D /* main.cpp in Sources */ = {isa = PBXBuildFile; fileRef = 50C100A71A16448A004F146D /* main.cpp */; };
		50C100AF1A1644FF004F146D /* OpenGL.framework in Frameworks */ = {isa = PBXBuildFile; fileRef = 50C100AE1A1644FF004F146D /* OpenGL.framework */; };
		50C100B11A164505004F146D /* Cocoa.framework in Frameworks */ = {isa = PBXBuildFile; fileRef = 50C100B01A164505004F146D /* Cocoa.framework */; };
		50C100B31A16450D004F146D /* GLUT.framework in Frameworks */ = {isa = PBXBuildFile; fileRef = 50C100B21A16450D004F146D /* GLUT.framework */; };
		50C100C01A16578E004F146D /* camera.cpp in Sources */ = {isa = PBXBuildFile; fileRef = 50C100BB1A16578E004F146D /* camera.cpp */; };
		50C100C11A16578E004F146D /* Trackball.cpp in Sources */ = {isa = PBXBuildFile; fileRef = 50C100BE1A16578E004F146D /* Trackball.cpp */; };
/* End PBXBuildFile section */

/* Begin PBXCopyFilesBuildPhase section */
		50C100A21A16448A004F146D /* CopyFiles */ = {
			isa = PBXCopyFilesBuildPhase;
			buildActionMask = 2147483647;
			dstPath = /usr/share/man/man1/;
			dstSubfolderSpec = 0;
			files = (
			);
			runOnlyForDeploymentPostprocessing = 1;
		};
/* End PBXCopyFilesBuildPhase section */

/* Begin PBXFileReference section */
		50C00A331A59630400C6A95F /* scene.h */ = {isa = PBXFileReference; fileEncoding = 4; lastKnownFileType = sourcecode.c.h; path = scene.h; sourceTree = "<group>"; };
		50C00A361A5967CB00C6A95F /* util.h */ = {isa = PBXFileReference; fileEncoding = 4; lastKnownFileType = sourcecode.c.h; path = util.h; sourceTree = "<group>"; };
		50C00A391A596DD600C6A95F /* lighting.h */ = {isa = PBXFileReference; fileEncoding = 4; lastKnownFileType = sourcecode.c.h; path = lighting.h; sourceTree = "<group>"; };
		50C00A3C1A59964000C6A95F /* menu.h */ = {isa = PBXFileReference; fileEncoding = 4; lastKnownFileType = sourcecode.c.h; path = menu.h; sourceTree = "<group>"; };
		50C00A3F1A59BA6600C6A95F /* globals.h */ = {isa = PBXFileReference; fileEncoding = 4; lastKnownFileType = sourcecode.c.h; path = globals.h; sourceTree = "<group>"; };
		50C100A41A16448A004F146D /* 3dScene */ = {isa = PBXFileReference; explicitFileType = "compiled.mach-o.executable"; includeInIndex = 0; path = 3dScene; sourceTree = BUILT_PRODUCTS_DIR; };
		50C100A71A16448A004F146D /* main.cpp */ = {isa = PBXFileReference; lastKnownFileType = sourcecode.cpp.cpp; path = main.cpp; sourceTree = "<group>"; };
		50C100AE1A1644FF004F146D /* OpenGL.framework */ = {isa = PBXFileReference; lastKnownFileType = wrapper.framework; name = OpenGL.framework; path = System/Library/Frameworks/OpenGL.framework; sourceTree = SDKROOT; };
		50C100B01A164505004F146D /* Cocoa.framework */ = {isa = PBXFileReference; lastKnownFileType = wrapper.framework; name = Cocoa.framework; path = System/Library/Frameworks/Cocoa.framework; sourceTree = SDKROOT; };
		50C100B21A16450D004F146D /* GLUT.framework */ = {isa = PBXFileReference; lastKnownFileType = wrapper.framework; name = GLUT.framework; path = System/Library/Frameworks/GLUT.framework; sourceTree = SDKROOT; };
		50C100BB1A16578E004F146D /* camera.cpp */ = {isa = PBXFileReference; fileEncoding = 4; lastKnownFileType = sourcecode.cpp.cpp; path = camera.cpp; sourceTree = "<group>"; };
		50C100BC1A16578E004F146D /* camera.h */ = {isa = PBXFileReference; fileEncoding = 4; lastKnownFileType = sourcecode.c.h; path = camera.h; sourceTree = "<group>"; };
		50C100BD1A16578E004F146D /* fshill.h */ = {isa = PBXFileReference; fileEncoding = 4; lastKnownFileType = sourcecode.c.h; path = fshill.h; sourceTree = "<group>"; };
		50C100BE1A16578E004F146D /* Trackball.cpp */ = {isa = PBXFileReference; fileEncoding = 4; lastKnownFileType = sourcecode.cpp.cpp; path = Trackball.cpp; sourceTree = "<group>"; };
		50C100BF1A16578E004F146D /* Trackball.h */ = {isa = PBXFileReference; fileEncoding = 4; lastKnownFileType = sourcecode.c.h; path = Trackball.h; sourceTree = "<group>"; };
		50EEC8FB1A5C5EB600D62835 /* animation.h */ = {isa = PBXFileReference; fileEncoding = 4; lastKnownFileType = sourcecode.c.h; path = animation.h; sourceTree = "<group>"; };
		50F277F31A588A61007A780E /* materials.h */ = {isa = PBXFileReference; fileEncoding = 4; lastKnownFileType = sourcecode.c.h; path = materials.h; sourceTree = "<group>"; };
/* End PBXFileReference section */

/* Begin PBXFrameworksBuildPhase section */
		50C100A11A16448A004F146D /* Frameworks */ = {
			isa = PBXFrameworksBuildPhase;
			buildActionMask = 2147483647;
			files = (
				50C100B31A16450D004F146D /* GLUT.framework in Frameworks */,
				50C100B11A164505004F146D /* Cocoa.framework in Frameworks */,
				50C100AF1A1644FF004F146D /* OpenGL.framework in Frameworks */,
			);
			runOnlyForDeploymentPostprocessing = 0;
		};
/* End PBXFrameworksBuildPhase section */

/* Begin PBXGroup section */
		50C1009B1A16448A004F146D = {
			isa = PBXGroup;
			children = (
				50C100B21A16450D004F146D /* GLUT.framework */,
				50C100B01A164505004F146D /* Cocoa.framework */,
				50C100AE1A1644FF004F146D /* OpenGL.framework */,
				50C100A61A16448A004F146D /* 3dScene */,
				50C100A51A16448A004F146D /* Products */,
			);
			sourceTree = "<group>";
		};
		50C100A51A16448A004F146D /* Products */ = {
			isa = PBXGroup;
			children = (
				50C100A41A16448A004F146D /* 3dScene */,
			);
			name = Products;
			sourceTree = "<group>";
		};
		50C100A61A16448A004F146D /* 3dScene */ = {
			isa = PBXGroup;
			children = (
				50C100BB1A16578E004F146D /* camera.cpp */,
				50C100BC1A16578E004F146D /* camera.h */,
				50C100BD1A16578E004F146D /* fshill.h */,
				50C100BE1A16578E004F146D /* Trackball.cpp */,
				50C100BF1A16578E004F146D /* Trackball.h */,
				50C100A71A16448A004F146D /* main.cpp */,
				50F277F31A588A61007A780E /* materials.h */,
				50C00A331A59630400C6A95F /* scene.h */,
				50C00A361A5967CB00C6A95F /* util.h */,
				50C00A391A596DD600C6A95F /* lighting.h */,
				50C00A3C1A59964000C6A95F /* menu.h */,
				50C00A3F1A59BA6600C6A95F /* globals.h */,
				50EEC8FB1A5C5EB600D62835 /* animation.h */,
			);
			path = 3dScene;
			sourceTree = "<group>";
		};
/* End PBXGroup section */

/* Begin PBXNativeTarget section */
		50C100A31A16448A004F146D /* 3dScene */ = {
			isa = PBXNativeTarget;
			buildConfigurationList = 50C100AB1A16448A004F146D /* Build configuration list for PBXNativeTarget "3dScene" */;
			buildPhases = (
				50C100A01A16448A004F146D /* Sources */,
				50C100A11A16448A004F146D /* Frameworks */,
				50C100A21A16448A004F146D /* CopyFiles */,
			);
			buildRules = (
			);
			dependencies = (
			);
			name = 3dScene;
			productName = 3dScene;
			productReference = 50C100A41A16448A004F146D /* 3dScene */;
			productType = "com.apple.product-type.tool";
		};
/* End PBXNativeTarget section */

/* Begin PBXProject section */
		50C1009C1A16448A004F146D /* Project object */ = {
			isa = PBXProject;
			attributes = {
				LastUpgradeCheck = 0610;
				ORGANIZATIONNAME = "Pascal Attwenger";
				TargetAttributes = {
					50C100A31A16448A004F146D = {
						CreatedOnToolsVersion = 6.1;
					};
				};
			};
			buildConfigurationList = 50C1009F1A16448A004F146D /* Build configuration list for PBXProject "3dScene" */;
			compatibilityVersion = "Xcode 3.2";
			developmentRegion = English;
			hasScannedForEncodings = 0;
			knownRegions = (
				en,
			);
			mainGroup = 50C1009B1A16448A004F146D;
			productRefGroup = 50C100A51A16448A004F146D /* Products */;
			projectDirPath = "";
			projectRoot = "";
			targets = (
				50C100A31A16448A004F146D /* 3dScene */,
			);
		};
/* End PBXProject section */

/* Begin PBXSourcesBuildPhase section */
		50C100A01A16448A004F146D /* Sources */ = {
			isa = PBXSourcesBuildPhase;
			buildActionMask = 2147483647;
			files = (
				50C100C01A16578E004F146D /* camera.cpp in Sources */,
				50C100A81A16448A004F146D /* main.cpp in Sources */,
				50C100C11A16578E004F146D /* Trackball.cpp in Sources */,
			);
			runOnlyForDeploymentPostprocessing = 0;
		};
/* End PBXSourcesBuildPhase section */

/* Begin XCBuildConfiguration section */
		50C100A91A16448A004F146D /* Debug */ = {
			isa = XCBuildConfiguration;
			buildSettings = {
				ALWAYS_SEARCH_USER_PATHS = NO;
				CLANG_CXX_LANGUAGE_STANDARD = "gnu++0x";
				CLANG_CXX_LIBRARY = "libc++";
				CLANG_ENABLE_MODULES = YES;
				CLANG_ENABLE_OBJC_ARC = YES;
				CLANG_WARN_BOOL_CONVERSION = YES;
				CLANG_WARN_CONSTANT_CONVERSION = YES;
				CLANG_WARN_DIRECT_OBJC_ISA_USAGE = YES_ERROR;
				CLANG_WARN_EMPTY_BODY = YES;
				CLANG_WARN_ENUM_CONVERSION = YES;
				CLANG_WARN_INT_CONVERSION = YES;
				CLANG_WARN_OBJC_ROOT_CLASS = YES_ERROR;
				CLANG_WARN_UNREACHABLE_CODE = YES;
				CLANG_WARN__DUPLICATE_METHOD_MATCH = YES;
				COPY_PHASE_STRIP = NO;
				ENABLE_STRICT_OBJC_MSGSEND = YES;
				GCC_C_LANGUAGE_STANDARD = gnu99;
				GCC_DYNAMIC_NO_PIC = NO;
				GCC_OPTIMIZATION_LEVEL = 0;
				GCC_PREPROCESSOR_DEFINITIONS = (
					"DEBUG=1",
					"$(inherited)",
				);
				GCC_SYMBOLS_PRIVATE_EXTERN = NO;
				GCC_WARN_64_TO_32_BIT_CONVERSION = YES;
				GCC_WARN_ABOUT_RETURN_TYPE = YES_ERROR;
				GCC_WARN_UNDECLARED_SELECTOR = YES;
				GCC_WARN_UNINITIALIZED_AUTOS = YES_AGGRESSIVE;
				GCC_WARN_UNUSED_FUNCTION = YES;
				GCC_WARN_UNUSED_VARIABLE = YES;
				MACOSX_DEPLOYMENT_TARGET = 10.10;
				MTL_ENABLE_DEBUG_INFO = YES;
				ONLY_ACTIVE_ARCH = YES;
				SDKROOT = macosx;
			};
			name = Debug;
		};
		50C100AA1A16448A004F146D /* Release */ = {
			isa = XCBuildConfiguration;
			buildSettings = {
				ALWAYS_SEARCH_USER_PATHS = NO;
				CLANG_CXX_LANGUAGE_STANDARD = "gnu++0x";
				CLANG_CXX_LIBRARY = "libc++";
				CLANG_ENABLE_MODULES = YES;
				CLANG_ENABLE_OBJC_ARC = YES;
				CLANG_WARN_BOOL_CONVERSION = YES;
				CLANG_WARN_CONSTANT_CONVERSION = YES;
				CLANG_WARN_DIRECT_OBJC_ISA_USAGE = YES_ERROR;
				CLANG_WARN_EMPTY_BODY = YES;
				CLANG_WARN_ENUM_CONVERSION = YES;
				CLANG_WARN_INT_CONVERSION = YES;
				CLANG_WARN_OBJC_ROOT_CLASS = YES_ERROR;
				CLANG_WARN_UNREACHABLE_CODE = YES;
				CLANG_WARN__DUPLICATE_METHOD_MATCH = YES;
				COPY_PHASE_STRIP = YES;
				DEBUG_INFORMATION_FORMAT = "dwarf-with-dsym";
				ENABLE_NS_ASSERTIONS = NO;
				ENABLE_STRICT_OBJC_MSGSEND = YES;
				GCC_C_LANGUAGE_STANDARD = gnu99;
				GCC_WARN_64_TO_32_BIT_CONVERSION = YES;
				GCC_WARN_ABOUT_RETURN_TYPE = YES_ERROR;
				GCC_WARN_UNDECLARED_SELECTOR = YES;
				GCC_WARN_UNINITIALIZED_AUTOS = YES_AGGRESSIVE;
				GCC_WARN_UNUSED_FUNCTION = YES;
				GCC_WARN_UNUSED_VARIABLE = YES;
				MACOSX_DEPLOYMENT_TARGET = 10.10;
				MTL_ENABLE_DEBUG_INFO = NO;
				SDKROOT = macosx;
			};
			name = Release;
		};
		50C100AC1A16448A004F146D /* Debug */ = {
			isa = XCBuildConfiguration;
			buildSettings = {
				PRODUCT_NAME = "$(TARGET_NAME)";
			};
			name = Debug;
		};
		50C100AD1A16448A004F146D /* Release */ = {
			isa = XCBuildConfiguration;
			buildSettings = {
				PRODUCT_NAME = "$(TARGET_NAME)";
			};
			name = Release;
		};
/* End XCBuildConfiguration section */

/* Begin XCConfigurationList section */
		50C1009F1A16448A004F146D /* Build configuration list for PBXProject "3dScene" */ = {
			isa = XCConfigurationList;
			buildConfigurations = (
				50C100A91A16448A004F146D /* Debug */,
				50C100AA1A16448A004F146D /* Release */,
			);
			defaultConfigurationIsVisible = 0;
			defaultConfigurationName = Release;
		};
		50C100AB1A16448A004F146D /* Build configuration list for PBXNativeTarget "3dScene" */ = {
			isa = XCConfigurationList;
			buildConfigurations = (
				50C100AC1A16448A004F146D /* Debug */,
				50C100AD1A16448A004F146D /* Release */,
			);
			defaultConfigurationIsVisible = 0;
			defaultConfigurationName = Release;
		};
/* End XCConfigurationList section */
	};
	rootObject = 50C1009C1A16448A004F146D /* Project object */;
}
